// !$*UTF8*$!
{
	archiveVersion = 1;
	classes = {
	};
	objectVersion = 50;
	objects = {

/* Begin PBXBuildFile section */
		005929A424C6097E005B338E /* ImageView.swift in Sources */ = {isa = PBXBuildFile; fileRef = 005929A324C6097E005B338E /* ImageView.swift */; };
		005A829524C640BC00FF472E /* NetworkResponseVM.swift in Sources */ = {isa = PBXBuildFile; fileRef = 005A829424C640BC00FF472E /* NetworkResponseVM.swift */; };
		005ED23624BE3648008DED90 /* AppDelegate.swift in Sources */ = {isa = PBXBuildFile; fileRef = 005ED23524BE3648008DED90 /* AppDelegate.swift */; };
		005ED23824BE3648008DED90 /* SceneDelegate.swift in Sources */ = {isa = PBXBuildFile; fileRef = 005ED23724BE3648008DED90 /* SceneDelegate.swift */; };
		005ED23A24BE3648008DED90 /* ContentView.swift in Sources */ = {isa = PBXBuildFile; fileRef = 005ED23924BE3648008DED90 /* ContentView.swift */; };
		005ED23C24BE3649008DED90 /* Assets.xcassets in Resources */ = {isa = PBXBuildFile; fileRef = 005ED23B24BE3649008DED90 /* Assets.xcassets */; };
		005ED23F24BE3649008DED90 /* Preview Assets.xcassets in Resources */ = {isa = PBXBuildFile; fileRef = 005ED23E24BE3649008DED90 /* Preview Assets.xcassets */; };
		005ED24224BE3649008DED90 /* LaunchScreen.storyboard in Resources */ = {isa = PBXBuildFile; fileRef = 005ED24024BE3649008DED90 /* LaunchScreen.storyboard */; };
		005ED24A24BE3663008DED90 /* NetworkResponse.swift in Sources */ = {isa = PBXBuildFile; fileRef = 005ED24924BE3663008DED90 /* NetworkResponse.swift */; };
		005ED24C24BE368E008DED90 /* Networking.swift in Sources */ = {isa = PBXBuildFile; fileRef = 005ED24B24BE368E008DED90 /* Networking.swift */; };
		007C9B5024C70EA900765868 /* TextCellY.swift in Sources */ = {isa = PBXBuildFile; fileRef = 007C9B4F24C70EA900765868 /* TextCellY.swift */; };
		009787A524C5F4AD00DA6D44 /* PictureCell.swift in Sources */ = {isa = PBXBuildFile; fileRef = 009787A424C5F4AD00DA6D44 /* PictureCell.swift */; };
		009787A724C5F6D100DA6D44 /* Protocols.swift in Sources */ = {isa = PBXBuildFile; fileRef = 009787A624C5F6D100DA6D44 /* Protocols.swift */; };
		00BAEDE724C0738C00BF61FB /* Presenter.swift in Sources */ = {isa = PBXBuildFile; fileRef = 00BAEDE624C0738C00BF61FB /* Presenter.swift */; };
		00D2CC6324C272280004974F /* SelectorCell.swift in Sources */ = {isa = PBXBuildFile; fileRef = 00D2CC6224C272280004974F /* SelectorCell.swift */; };
/* End PBXBuildFile section */

/* Begin PBXFileReference section */
		005929A324C6097E005B338E /* ImageView.swift */ = {isa = PBXFileReference; lastKnownFileType = sourcecode.swift; path = ImageView.swift; sourceTree = "<group>"; };
		005A829424C640BC00FF472E /* NetworkResponseVM.swift */ = {isa = PBXFileReference; lastKnownFileType = sourcecode.swift; path = NetworkResponseVM.swift; sourceTree = "<group>"; };
		005ED23224BE3648008DED90 /* CakesSwiftUI.app */ = {isa = PBXFileReference; explicitFileType = wrapper.application; includeInIndex = 0; path = CakesSwiftUI.app; sourceTree = BUILT_PRODUCTS_DIR; };
		005ED23524BE3648008DED90 /* AppDelegate.swift */ = {isa = PBXFileReference; lastKnownFileType = sourcecode.swift; path = AppDelegate.swift; sourceTree = "<group>"; };
		005ED23724BE3648008DED90 /* SceneDelegate.swift */ = {isa = PBXFileReference; lastKnownFileType = sourcecode.swift; path = SceneDelegate.swift; sourceTree = "<group>"; };
		005ED23924BE3648008DED90 /* ContentView.swift */ = {isa = PBXFileReference; lastKnownFileType = sourcecode.swift; path = ContentView.swift; sourceTree = "<group>"; };
		005ED23B24BE3649008DED90 /* Assets.xcassets */ = {isa = PBXFileReference; lastKnownFileType = folder.assetcatalog; path = Assets.xcassets; sourceTree = "<group>"; };
		005ED23E24BE3649008DED90 /* Preview Assets.xcassets */ = {isa = PBXFileReference; lastKnownFileType = folder.assetcatalog; path = "Preview Assets.xcassets"; sourceTree = "<group>"; };
		005ED24124BE3649008DED90 /* Base */ = {isa = PBXFileReference; lastKnownFileType = file.storyboard; name = Base; path = Base.lproj/LaunchScreen.storyboard; sourceTree = "<group>"; };
		005ED24324BE3649008DED90 /* Info.plist */ = {isa = PBXFileReference; lastKnownFileType = text.plist.xml; path = Info.plist; sourceTree = "<group>"; };
		005ED24924BE3663008DED90 /* NetworkResponse.swift */ = {isa = PBXFileReference; lastKnownFileType = sourcecode.swift; path = NetworkResponse.swift; sourceTree = "<group>"; };
		005ED24B24BE368E008DED90 /* Networking.swift */ = {isa = PBXFileReference; lastKnownFileType = sourcecode.swift; path = Networking.swift; sourceTree = "<group>"; };
		007C9B4F24C70EA900765868 /* TextCellY.swift */ = {isa = PBXFileReference; lastKnownFileType = sourcecode.swift; path = TextCellY.swift; sourceTree = "<group>"; };
		009787A424C5F4AD00DA6D44 /* PictureCell.swift */ = {isa = PBXFileReference; lastKnownFileType = sourcecode.swift; path = PictureCell.swift; sourceTree = "<group>"; };
		009787A624C5F6D100DA6D44 /* Protocols.swift */ = {isa = PBXFileReference; lastKnownFileType = sourcecode.swift; path = Protocols.swift; sourceTree = "<group>"; };
		00BAEDE624C0738C00BF61FB /* Presenter.swift */ = {isa = PBXFileReference; lastKnownFileType = sourcecode.swift; path = Presenter.swift; sourceTree = "<group>"; };
		00D2CC6224C272280004974F /* SelectorCell.swift */ = {isa = PBXFileReference; lastKnownFileType = sourcecode.swift; path = SelectorCell.swift; sourceTree = "<group>"; };
/* End PBXFileReference section */

/* Begin PBXFrameworksBuildPhase section */
		005ED22F24BE3648008DED90 /* Frameworks */ = {
			isa = PBXFrameworksBuildPhase;
			buildActionMask = 2147483647;
			files = (
			);
			runOnlyForDeploymentPostprocessing = 0;
		};
/* End PBXFrameworksBuildPhase section */

/* Begin PBXGroup section */
		005A829324C6409400FF472E /* Models */ = {
			isa = PBXGroup;
			children = (
				005ED24924BE3663008DED90 /* NetworkResponse.swift */,
				005A829424C640BC00FF472E /* NetworkResponseVM.swift */,
			);
			path = Models;
			sourceTree = "<group>";
		};
		005ED22924BE3648008DED90 = {
			isa = PBXGroup;
			children = (
				005ED23424BE3648008DED90 /* CakesSwiftUI */,
				005ED23324BE3648008DED90 /* Products */,
			);
			sourceTree = "<group>";
		};
		005ED23324BE3648008DED90 /* Products */ = {
			isa = PBXGroup;
			children = (
				005ED23224BE3648008DED90 /* CakesSwiftUI.app */,
			);
			name = Products;
			sourceTree = "<group>";
		};
		005ED23424BE3648008DED90 /* CakesSwiftUI */ = {
			isa = PBXGroup;
			children = (
				005ED23B24BE3649008DED90 /* Assets.xcassets */,
				005ED23524BE3648008DED90 /* AppDelegate.swift */,
				005ED23724BE3648008DED90 /* SceneDelegate.swift */,
				005ED24024BE3649008DED90 /* LaunchScreen.storyboard */,
				005ED24324BE3649008DED90 /* Info.plist */,
				005A829324C6409400FF472E /* Models */,
				009787A624C5F6D100DA6D44 /* Protocols.swift */,
				00BAEDE624C0738C00BF61FB /* Presenter.swift */,
				005ED24B24BE368E008DED90 /* Networking.swift */,
				00CC9CB824C0B78C00527452 /* Views */,
				005ED23D24BE3649008DED90 /* Preview Content */,
			);
			path = CakesSwiftUI;
			sourceTree = "<group>";
		};
		005ED23D24BE3649008DED90 /* Preview Content */ = {
			isa = PBXGroup;
			children = (
				005ED23E24BE3649008DED90 /* Preview Assets.xcassets */,
			);
			path = "Preview Content";
			sourceTree = "<group>";
		};
		00CC9CB824C0B78C00527452 /* Views */ = {
			isa = PBXGroup;
			children = (
				005ED23924BE3648008DED90 /* ContentView.swift */,
				007C9B4F24C70EA900765868 /* TextCellY.swift */,
				00D2CC6224C272280004974F /* SelectorCell.swift */,
				009787A424C5F4AD00DA6D44 /* PictureCell.swift */,
				005929A324C6097E005B338E /* ImageView.swift */,
			);
			path = Views;
			sourceTree = "<group>";
		};
/* End PBXGroup section */

/* Begin PBXNativeTarget section */
		005ED23124BE3648008DED90 /* CakesSwiftUI */ = {
			isa = PBXNativeTarget;
			buildConfigurationList = 005ED24624BE3649008DED90 /* Build configuration list for PBXNativeTarget "CakesSwiftUI" */;
			buildPhases = (
				005ED22E24BE3648008DED90 /* Sources */,
				005ED22F24BE3648008DED90 /* Frameworks */,
				005ED23024BE3648008DED90 /* Resources */,
			);
			buildRules = (
			);
			dependencies = (
			);
			name = CakesSwiftUI;
			productName = CakesSwiftUI;
			productReference = 005ED23224BE3648008DED90 /* CakesSwiftUI.app */;
			productType = "com.apple.product-type.application";
		};
/* End PBXNativeTarget section */

/* Begin PBXProject section */
		005ED22A24BE3648008DED90 /* Project object */ = {
			isa = PBXProject;
			attributes = {
				LastSwiftUpdateCheck = 1150;
				LastUpgradeCheck = 1150;
				ORGANIZATIONNAME = Wheatley;
				TargetAttributes = {
					005ED23124BE3648008DED90 = {
						CreatedOnToolsVersion = 11.5;
					};
				};
			};
			buildConfigurationList = 005ED22D24BE3648008DED90 /* Build configuration list for PBXProject "CakesSwiftUI" */;
			compatibilityVersion = "Xcode 9.3";
			developmentRegion = en;
			hasScannedForEncodings = 0;
			knownRegions = (
				en,
				Base,
			);
			mainGroup = 005ED22924BE3648008DED90;
			productRefGroup = 005ED23324BE3648008DED90 /* Products */;
			projectDirPath = "";
			projectRoot = "";
			targets = (
				005ED23124BE3648008DED90 /* CakesSwiftUI */,
			);
		};
/* End PBXProject section */

/* Begin PBXResourcesBuildPhase section */
		005ED23024BE3648008DED90 /* Resources */ = {
			isa = PBXResourcesBuildPhase;
			buildActionMask = 2147483647;
			files = (
				005ED24224BE3649008DED90 /* LaunchScreen.storyboard in Resources */,
				005ED23F24BE3649008DED90 /* Preview Assets.xcassets in Resources */,
				005ED23C24BE3649008DED90 /* Assets.xcassets in Resources */,
			);
			runOnlyForDeploymentPostprocessing = 0;
		};
/* End PBXResourcesBuildPhase section */

/* Begin PBXSourcesBuildPhase section */
		005ED22E24BE3648008DED90 /* Sources */ = {
			isa = PBXSourcesBuildPhase;
			buildActionMask = 2147483647;
			files = (
				00BAEDE724C0738C00BF61FB /* Presenter.swift in Sources */,
				005ED23624BE3648008DED90 /* AppDelegate.swift in Sources */,
				005ED24C24BE368E008DED90 /* Networking.swift in Sources */,
				005929A424C6097E005B338E /* ImageView.swift in Sources */,
				005ED23824BE3648008DED90 /* SceneDelegate.swift in Sources */,
				009787A724C5F6D100DA6D44 /* Protocols.swift in Sources */,
				009787A524C5F4AD00DA6D44 /* PictureCell.swift in Sources */,
				005ED23A24BE3648008DED90 /* ContentView.swift in Sources */,
				007C9B5024C70EA900765868 /* TextCellY.swift in Sources */,
				00D2CC6324C272280004974F /* SelectorCell.swift in Sources */,
				005A829524C640BC00FF472E /* NetworkResponseVM.swift in Sources */,
				005ED24A24BE3663008DED90 /* NetworkResponse.swift in Sources */,
			);
			runOnlyForDeploymentPostprocessing = 0;
		};
/* End PBXSourcesBuildPhase section */

/* Begin PBXVariantGroup section */
		005ED24024BE3649008DED90 /* LaunchScreen.storyboard */ = {
			isa = PBXVariantGroup;
			children = (
				005ED24124BE3649008DED90 /* Base */,
			);
			name = LaunchScreen.storyboard;
			sourceTree = "<group>";
		};
/* End PBXVariantGroup section */

/* Begin XCBuildConfiguration section */
		005ED24424BE3649008DED90 /* Debug */ = {
			isa = XCBuildConfiguration;
			buildSettings = {
				ALWAYS_SEARCH_USER_PATHS = NO;
				CLANG_ANALYZER_NONNULL = YES;
				CLANG_ANALYZER_NUMBER_OBJECT_CONVERSION = YES_AGGRESSIVE;
				CLANG_CXX_LANGUAGE_STANDARD = "gnu++14";
				CLANG_CXX_LIBRARY = "libc++";
				CLANG_ENABLE_MODULES = YES;
				CLANG_ENABLE_OBJC_ARC = YES;
				CLANG_ENABLE_OBJC_WEAK = YES;
				CLANG_WARN_BLOCK_CAPTURE_AUTORELEASING = YES;
				CLANG_WARN_BOOL_CONVERSION = YES;
				CLANG_WARN_COMMA = YES;
				CLANG_WARN_CONSTANT_CONVERSION = YES;
				CLANG_WARN_DEPRECATED_OBJC_IMPLEMENTATIONS = YES;
				CLANG_WARN_DIRECT_OBJC_ISA_USAGE = YES_ERROR;
				CLANG_WARN_DOCUMENTATION_COMMENTS = YES;
				CLANG_WARN_EMPTY_BODY = YES;
				CLANG_WARN_ENUM_CONVERSION = YES;
				CLANG_WARN_INFINITE_RECURSION = YES;
				CLANG_WARN_INT_CONVERSION = YES;
				CLANG_WARN_NON_LITERAL_NULL_CONVERSION = YES;
				CLANG_WARN_OBJC_IMPLICIT_RETAIN_SELF = YES;
				CLANG_WARN_OBJC_LITERAL_CONVERSION = YES;
				CLANG_WARN_OBJC_ROOT_CLASS = YES_ERROR;
				CLANG_WARN_RANGE_LOOP_ANALYSIS = YES;
				CLANG_WARN_STRICT_PROTOTYPES = YES;
				CLANG_WARN_SUSPICIOUS_MOVE = YES;
				CLANG_WARN_UNGUARDED_AVAILABILITY = YES_AGGRESSIVE;
				CLANG_WARN_UNREACHABLE_CODE = YES;
				CLANG_WARN__DUPLICATE_METHOD_MATCH = YES;
				COPY_PHASE_STRIP = NO;
				DEBUG_INFORMATION_FORMAT = dwarf;
				ENABLE_STRICT_OBJC_MSGSEND = YES;
				ENABLE_TESTABILITY = YES;
				GCC_C_LANGUAGE_STANDARD = gnu11;
				GCC_DYNAMIC_NO_PIC = NO;
				GCC_NO_COMMON_BLOCKS = YES;
				GCC_OPTIMIZATION_LEVEL = 0;
				GCC_PREPROCESSOR_DEFINITIONS = (
					"DEBUG=1",
					"$(inherited)",
				);
				GCC_WARN_64_TO_32_BIT_CONVERSION = YES;
				GCC_WARN_ABOUT_RETURN_TYPE = YES_ERROR;
				GCC_WARN_UNDECLARED_SELECTOR = YES;
				GCC_WARN_UNINITIALIZED_AUTOS = YES_AGGRESSIVE;
				GCC_WARN_UNUSED_FUNCTION = YES;
				GCC_WARN_UNUSED_VARIABLE = YES;
				IPHONEOS_DEPLOYMENT_TARGET = 13.5;
				MTL_ENABLE_DEBUG_INFO = INCLUDE_SOURCE;
				MTL_FAST_MATH = YES;
				ONLY_ACTIVE_ARCH = YES;
				SDKROOT = iphoneos;
				SWIFT_ACTIVE_COMPILATION_CONDITIONS = DEBUG;
				SWIFT_OPTIMIZATION_LEVEL = "-Onone";
			};
			name = Debug;
		};
		005ED24524BE3649008DED90 /* Release */ = {
			isa = XCBuildConfiguration;
			buildSettings = {
				ALWAYS_SEARCH_USER_PATHS = NO;
				CLANG_ANALYZER_NONNULL = YES;
				CLANG_ANALYZER_NUMBER_OBJECT_CONVERSION = YES_AGGRESSIVE;
				CLANG_CXX_LANGUAGE_STANDARD = "gnu++14";
				CLANG_CXX_LIBRARY = "libc++";
				CLANG_ENABLE_MODULES = YES;
				CLANG_ENABLE_OBJC_ARC = YES;
				CLANG_ENABLE_OBJC_WEAK = YES;
				CLANG_WARN_BLOCK_CAPTURE_AUTORELEASING = YES;
				CLANG_WARN_BOOL_CONVERSION = YES;
				CLANG_WARN_COMMA = YES;
				CLANG_WARN_CONSTANT_CONVERSION = YES;
				CLANG_WARN_DEPRECATED_OBJC_IMPLEMENTATIONS = YES;
				CLANG_WARN_DIRECT_OBJC_ISA_USAGE = YES_ERROR;
				CLANG_WARN_DOCUMENTATION_COMMENTS = YES;
				CLANG_WARN_EMPTY_BODY = YES;
				CLANG_WARN_ENUM_CONVERSION = YES;
				CLANG_WARN_INFINITE_RECURSION = YES;
				CLANG_WARN_INT_CONVERSION = YES;
				CLANG_WARN_NON_LITERAL_NULL_CONVERSION = YES;
				CLANG_WARN_OBJC_IMPLICIT_RETAIN_SELF = YES;
				CLANG_WARN_OBJC_LITERAL_CONVERSION = YES;
				CLANG_WARN_OBJC_ROOT_CLASS = YES_ERROR;
				CLANG_WARN_RANGE_LOOP_ANALYSIS = YES;
				CLANG_WARN_STRICT_PROTOTYPES = YES;
				CLANG_WARN_SUSPICIOUS_MOVE = YES;
				CLANG_WARN_UNGUARDED_AVAILABILITY = YES_AGGRESSIVE;
				CLANG_WARN_UNREACHABLE_CODE = YES;
				CLANG_WARN__DUPLICATE_METHOD_MATCH = YES;
				COPY_PHASE_STRIP = NO;
				DEBUG_INFORMATION_FORMAT = "dwarf-with-dsym";
				ENABLE_NS_ASSERTIONS = NO;
				ENABLE_STRICT_OBJC_MSGSEND = YES;
				GCC_C_LANGUAGE_STANDARD = gnu11;
				GCC_NO_COMMON_BLOCKS = YES;
				GCC_WARN_64_TO_32_BIT_CONVERSION = YES;
				GCC_WARN_ABOUT_RETURN_TYPE = YES_ERROR;
				GCC_WARN_UNDECLARED_SELECTOR = YES;
				GCC_WARN_UNINITIALIZED_AUTOS = YES_AGGRESSIVE;
				GCC_WARN_UNUSED_FUNCTION = YES;
				GCC_WARN_UNUSED_VARIABLE = YES;
				IPHONEOS_DEPLOYMENT_TARGET = 13.5;
				MTL_ENABLE_DEBUG_INFO = NO;
				MTL_FAST_MATH = YES;
				SDKROOT = iphoneos;
				SWIFT_COMPILATION_MODE = wholemodule;
				SWIFT_OPTIMIZATION_LEVEL = "-O";
				VALIDATE_PRODUCT = YES;
			};
			name = Release;
		};
		005ED24724BE3649008DED90 /* Debug */ = {
			isa = XCBuildConfiguration;
			buildSettings = {
				ASSETCATALOG_COMPILER_APPICON_NAME = AppIcon;
				CODE_SIGN_STYLE = Automatic;
				DEVELOPMENT_ASSET_PATHS = "\"CakesSwiftUI/Preview Content\"";
				DEVELOPMENT_TEAM = 7CQ436Z988;
				ENABLE_PREVIEWS = YES;
				INFOPLIST_FILE = CakesSwiftUI/Info.plist;
				LD_RUNPATH_SEARCH_PATHS = (
					"$(inherited)",
					"@executable_path/Frameworks",
				);
				PRODUCT_BUNDLE_IDENTIFIER = com.wheatley.CakesSwiftUI;
				PRODUCT_NAME = "$(TARGET_NAME)";
				SWIFT_VERSION = 5.0;
				TARGETED_DEVICE_FAMILY = "1,2";
			};
			name = Debug;
		};
		005ED24824BE3649008DED90 /* Release */ = {
			isa = XCBuildConfiguration;
			buildSettings = {
				ASSETCATALOG_COMPILER_APPICON_NAME = AppIcon;
				CODE_SIGN_STYLE = Automatic;
				DEVELOPMENT_ASSET_PATHS = "\"CakesSwiftUI/Preview Content\"";
				DEVELOPMENT_TEAM = 7CQ436Z988;
				ENABLE_PREVIEWS = YES;
				INFOPLIST_FILE = CakesSwiftUI/Info.plist;
				LD_RUNPATH_SEARCH_PATHS = (
					"$(inherited)",
					"@executable_path/Frameworks",
				);
				PRODUCT_BUNDLE_IDENTIFIER = com.wheatley.CakesSwiftUI;
				PRODUCT_NAME = "$(TARGET_NAME)";
				SWIFT_VERSION = 5.0;
				TARGETED_DEVICE_FAMILY = "1,2";
			};
			name = Release;
		};
/* End XCBuildConfiguration section */

/* Begin XCConfigurationList section */
		005ED22D24BE3648008DED90 /* Build configuration list for PBXProject "CakesSwiftUI" */ = {
			isa = XCConfigurationList;
			buildConfigurations = (
				005ED24424BE3649008DED90 /* Debug */,
				005ED24524BE3649008DED90 /* Release */,
			);
			defaultConfigurationIsVisible = 0;
			defaultConfigurationName = Release;
		};
		005ED24624BE3649008DED90 /* Build configuration list for PBXNativeTarget "CakesSwiftUI" */ = {
			isa = XCConfigurationList;
			buildConfigurations = (
				005ED24724BE3649008DED90 /* Debug */,
				005ED24824BE3649008DED90 /* Release */,
			);
			defaultConfigurationIsVisible = 0;
			defaultConfigurationName = Release;
		};
/* End XCConfigurationList section */
	};
	rootObject = 005ED22A24BE3648008DED90 /* Project object */;
}
